
Microsoft Visual Studio Solution File, Format Version 12.00
# Visual Studio Version 16
VisualStudioVersion = 16.0.31702.278
MinimumVisualStudioVersion = 10.0.40219.1
Project("{FAE04EC0-301F-11D3-BF4B-00C04F79EFBC}") = "MutrajimAPI", "MutrajimAPI\MutrajimAPI.csproj", "{BF337CD2-7F6B-403D-9CEB-000E18D6E0D2}"
EndProject
Global
	GlobalSection(SolutionConfigurationPlatforms) = preSolution
		Debug|Any CPU = Debug|Any CPU
		Release|Any CPU = Release|Any CPU
	EndGlobalSection
	GlobalSection(ProjectConfigurationPlatforms) = postSolution
		{BF337CD2-7F6B-403D-9CEB-000E18D6E0D2}.Debug|Any CPU.ActiveCfg = Debug|Any CPU
		{BF337CD2-7F6B-403D-9CEB-000E18D6E0D2}.Debug|Any CPU.Build.0 = Debug|Any CPU
		{BF337CD2-7F6B-403D-9CEB-000E18D6E0D2}.Release|Any CPU.ActiveCfg = Release|Any CPU
		{BF337CD2-7F6B-403D-9CEB-000E18D6E0D2}.Release|Any CPU.Build.0 = Release|Any CPU
	EndGlobalSection
	GlobalSection(SolutionProperties) = preSolution
		HideSolutionNode = FALSE
	EndGlobalSection
	GlobalSection(ExtensibilityGlobals) = postSolution
		SolutionGuid = {4E7458B8-2415-4D13-9AD3-42F7C5990C84}
	EndGlobalSection
EndGlobal
